// !$*UTF8*$!
{
	archiveVersion = 1;
	classes = {
	};
	objectVersion = 55;
	objects = {

/* Begin PBXBuildFile section */
		2210977F27895EE600CED77B /* ZYMacroKey.swift in Sources */ = {isa = PBXBuildFile; fileRef = 2210977E27895EE600CED77B /* ZYMacroKey.swift */; };
		2210978127895F8D00CED77B /* ZYCategorysHeader.swift in Sources */ = {isa = PBXBuildFile; fileRef = 2210978027895F8D00CED77B /* ZYCategorysHeader.swift */; };
		22271D36278963F700049342 /* NSString+ZYExtension.swift in Sources */ = {isa = PBXBuildFile; fileRef = 22271D35278963F600049342 /* NSString+ZYExtension.swift */; };
		22274D1E277EE68E0027D4DA /* ZYVender.swift in Sources */ = {isa = PBXBuildFile; fileRef = 22274D1D277EE68E0027D4DA /* ZYVender.swift */; };
		22274D22277EEF160027D4DA /* ZYEnvironmentService.swift in Sources */ = {isa = PBXBuildFile; fileRef = 22274D21277EEF160027D4DA /* ZYEnvironmentService.swift */; };
		2233150B2780296D00097CF2 /* UIApplication+ZYSwiftLoadFunction.swift in Sources */ = {isa = PBXBuildFile; fileRef = 2233150A2780296D00097CF2 /* UIApplication+ZYSwiftLoadFunction.swift */; };
		2233151327802C3A00097CF2 /* ZYMacro.swift in Sources */ = {isa = PBXBuildFile; fileRef = 2233151227802C3A00097CF2 /* ZYMacro.swift */; };
		22331515278030E300097CF2 /* UIColor+ZYExtension.swift in Sources */ = {isa = PBXBuildFile; fileRef = 22331514278030E300097CF2 /* UIColor+ZYExtension.swift */; };
		22331519278037DE00097CF2 /* WRNavigationBar.swift in Sources */ = {isa = PBXBuildFile; fileRef = 22331517278037DE00097CF2 /* WRNavigationBar.swift */; };
		2233151A278037DE00097CF2 /* WRCustomNavigationBar.swift in Sources */ = {isa = PBXBuildFile; fileRef = 22331518278037DE00097CF2 /* WRCustomNavigationBar.swift */; };
		224F44F8277EC61300F36F3D /* ZYMineViewController.swift in Sources */ = {isa = PBXBuildFile; fileRef = 224F44F7277EC61300F36F3D /* ZYMineViewController.swift */; };
		224F44FB277EC69400F36F3D /* ZYDisplayCurrentVC.swift in Sources */ = {isa = PBXBuildFile; fileRef = 224F44FA277EC69400F36F3D /* ZYDisplayCurrentVC.swift */; };
		224F4501277EC96E00F36F3D /* UIViewController+ZYDisplayCurrentVC.swift in Sources */ = {isa = PBXBuildFile; fileRef = 224F4500277EC96E00F36F3D /* UIViewController+ZYDisplayCurrentVC.swift */; };
		2259408027808B8F00245BAC /* ZYSwiftSwizzling.swift in Sources */ = {isa = PBXBuildFile; fileRef = 2259407F27808B8F00245BAC /* ZYSwiftSwizzling.swift */; };
		225940BE2781850F00245BAC /* ZYSwiftUserDefaults.swift in Sources */ = {isa = PBXBuildFile; fileRef = 225940BD2781850F00245BAC /* ZYSwiftUserDefaults.swift */; };
		225940EB2782C8D400245BAC /* ZYSyntaxExample.swift in Sources */ = {isa = PBXBuildFile; fileRef = 225940EA2782C8D400245BAC /* ZYSyntaxExample.swift */; };
		225941132789573C00245BAC /* UIFont+ZYExtension.swift in Sources */ = {isa = PBXBuildFile; fileRef = 225941122789573C00245BAC /* UIFont+ZYExtension.swift */; };
		225941152789581100245BAC /* UIImage+ZYExtension.swift in Sources */ = {isa = PBXBuildFile; fileRef = 225941142789581100245BAC /* UIImage+ZYExtension.swift */; };
		2259411727895BBA00245BAC /* UIView+ZYExtension.swift in Sources */ = {isa = PBXBuildFile; fileRef = 2259411627895BBA00245BAC /* UIView+ZYExtension.swift */; };
		229DA82D277F15F000559B8E /* ZYSwiftDispatchKit.swift in Sources */ = {isa = PBXBuildFile; fileRef = 229DA82C277F15F000559B8E /* ZYSwiftDispatchKit.swift */; };
		229DA82F277F1E7400559B8E /* UIViewController+ZYExtension.swift in Sources */ = {isa = PBXBuildFile; fileRef = 229DA82E277F1E7400559B8E /* UIViewController+ZYExtension.swift */; };
		229DA831277F1E8D00559B8E /* UIApplication+ZYExtension.swift in Sources */ = {isa = PBXBuildFile; fileRef = 229DA830277F1E8D00559B8E /* UIApplication+ZYExtension.swift */; };
		229DA837277F3E1800559B8E /* ZYButton.swift in Sources */ = {isa = PBXBuildFile; fileRef = 229DA836277F3E1800559B8E /* ZYButton.swift */; };
		22CFC4712761F71A008AF986 /* AppDelegate.swift in Sources */ = {isa = PBXBuildFile; fileRef = 22CFC4702761F71A008AF986 /* AppDelegate.swift */; };
		22CFC4732761F71A008AF986 /* SceneDelegate.swift in Sources */ = {isa = PBXBuildFile; fileRef = 22CFC4722761F71A008AF986 /* SceneDelegate.swift */; };
		22CFC47A2761F71B008AF986 /* Assets.xcassets in Resources */ = {isa = PBXBuildFile; fileRef = 22CFC4792761F71B008AF986 /* Assets.xcassets */; };
		22CFC47D2761F71B008AF986 /* LaunchScreen.storyboard in Resources */ = {isa = PBXBuildFile; fileRef = 22CFC47B2761F71B008AF986 /* LaunchScreen.storyboard */; };
		22CFC4C027689A5F008AF986 /* ZYTabBarController.swift in Sources */ = {isa = PBXBuildFile; fileRef = 22CFC4BF27689A5F008AF986 /* ZYTabBarController.swift */; };
		22CFC50E276A0347008AF986 /* ZYNavigationController.swift in Sources */ = {isa = PBXBuildFile; fileRef = 22CFC50D276A0347008AF986 /* ZYNavigationController.swift */; };
		22CFC510276A038A008AF986 /* ZYBaseViewController.swift in Sources */ = {isa = PBXBuildFile; fileRef = 22CFC50F276A038A008AF986 /* ZYBaseViewController.swift */; };
		22CFC512276A03A6008AF986 /* ZYDemoViewController.swift in Sources */ = {isa = PBXBuildFile; fileRef = 22CFC511276A03A6008AF986 /* ZYDemoViewController.swift */; };
		82BE528D6A59F1E57591B77A /* Pods_ZYExampleSwift.framework in Frameworks */ = {isa = PBXBuildFile; fileRef = 9B7429CC063FC2C6A7382242 /* Pods_ZYExampleSwift.framework */; settings = {ATTRIBUTES = (Weak, ); }; };
/* End PBXBuildFile section */

/* Begin PBXFileReference section */
		2210977E27895EE600CED77B /* ZYMacroKey.swift */ = {isa = PBXFileReference; lastKnownFileType = sourcecode.swift; path = ZYMacroKey.swift; sourceTree = "<group>"; };
		2210978027895F8D00CED77B /* ZYCategorysHeader.swift */ = {isa = PBXFileReference; lastKnownFileType = sourcecode.swift; path = ZYCategorysHeader.swift; sourceTree = "<group>"; };
		22271D35278963F600049342 /* NSString+ZYExtension.swift */ = {isa = PBXFileReference; lastKnownFileType = sourcecode.swift; path = "NSString+ZYExtension.swift"; sourceTree = "<group>"; };
		22274D1D277EE68E0027D4DA /* ZYVender.swift */ = {isa = PBXFileReference; lastKnownFileType = sourcecode.swift; path = ZYVender.swift; sourceTree = "<group>"; };
		22274D21277EEF160027D4DA /* ZYEnvironmentService.swift */ = {isa = PBXFileReference; lastKnownFileType = sourcecode.swift; path = ZYEnvironmentService.swift; sourceTree = "<group>"; };
		2233150A2780296D00097CF2 /* UIApplication+ZYSwiftLoadFunction.swift */ = {isa = PBXFileReference; fileEncoding = 4; lastKnownFileType = sourcecode.swift; path = "UIApplication+ZYSwiftLoadFunction.swift"; sourceTree = "<group>"; };
		2233151227802C3A00097CF2 /* ZYMacro.swift */ = {isa = PBXFileReference; lastKnownFileType = sourcecode.swift; path = ZYMacro.swift; sourceTree = "<group>"; };
		22331514278030E300097CF2 /* UIColor+ZYExtension.swift */ = {isa = PBXFileReference; lastKnownFileType = sourcecode.swift; path = "UIColor+ZYExtension.swift"; sourceTree = "<group>"; };
		22331517278037DE00097CF2 /* WRNavigationBar.swift */ = {isa = PBXFileReference; fileEncoding = 4; lastKnownFileType = sourcecode.swift; path = WRNavigationBar.swift; sourceTree = "<group>"; };
		22331518278037DE00097CF2 /* WRCustomNavigationBar.swift */ = {isa = PBXFileReference; fileEncoding = 4; lastKnownFileType = sourcecode.swift; path = WRCustomNavigationBar.swift; sourceTree = "<group>"; };
		224F44F7277EC61300F36F3D /* ZYMineViewController.swift */ = {isa = PBXFileReference; lastKnownFileType = sourcecode.swift; path = ZYMineViewController.swift; sourceTree = "<group>"; };
		224F44FA277EC69400F36F3D /* ZYDisplayCurrentVC.swift */ = {isa = PBXFileReference; lastKnownFileType = sourcecode.swift; path = ZYDisplayCurrentVC.swift; sourceTree = "<group>"; };
		224F4500277EC96E00F36F3D /* UIViewController+ZYDisplayCurrentVC.swift */ = {isa = PBXFileReference; lastKnownFileType = sourcecode.swift; path = "UIViewController+ZYDisplayCurrentVC.swift"; sourceTree = "<group>"; };
		2259407F27808B8F00245BAC /* ZYSwiftSwizzling.swift */ = {isa = PBXFileReference; fileEncoding = 4; lastKnownFileType = sourcecode.swift; path = ZYSwiftSwizzling.swift; sourceTree = "<group>"; };
		225940BD2781850F00245BAC /* ZYSwiftUserDefaults.swift */ = {isa = PBXFileReference; lastKnownFileType = sourcecode.swift; path = ZYSwiftUserDefaults.swift; sourceTree = "<group>"; };
		225940EA2782C8D400245BAC /* ZYSyntaxExample.swift */ = {isa = PBXFileReference; lastKnownFileType = sourcecode.swift; path = ZYSyntaxExample.swift; sourceTree = "<group>"; };
		225941122789573C00245BAC /* UIFont+ZYExtension.swift */ = {isa = PBXFileReference; lastKnownFileType = sourcecode.swift; path = "UIFont+ZYExtension.swift"; sourceTree = "<group>"; };
		225941142789581100245BAC /* UIImage+ZYExtension.swift */ = {isa = PBXFileReference; lastKnownFileType = sourcecode.swift; path = "UIImage+ZYExtension.swift"; sourceTree = "<group>"; };
		2259411627895BBA00245BAC /* UIView+ZYExtension.swift */ = {isa = PBXFileReference; lastKnownFileType = sourcecode.swift; path = "UIView+ZYExtension.swift"; sourceTree = "<group>"; };
		229DA82C277F15F000559B8E /* ZYSwiftDispatchKit.swift */ = {isa = PBXFileReference; lastKnownFileType = sourcecode.swift; path = ZYSwiftDispatchKit.swift; sourceTree = "<group>"; };
		229DA82E277F1E7400559B8E /* UIViewController+ZYExtension.swift */ = {isa = PBXFileReference; lastKnownFileType = sourcecode.swift; path = "UIViewController+ZYExtension.swift"; sourceTree = "<group>"; };
		229DA830277F1E8D00559B8E /* UIApplication+ZYExtension.swift */ = {isa = PBXFileReference; lastKnownFileType = sourcecode.swift; path = "UIApplication+ZYExtension.swift"; sourceTree = "<group>"; };
		229DA836277F3E1800559B8E /* ZYButton.swift */ = {isa = PBXFileReference; lastKnownFileType = sourcecode.swift; path = ZYButton.swift; sourceTree = "<group>"; };
		22CFC46D2761F71A008AF986 /* ZYExampleSwift.app */ = {isa = PBXFileReference; explicitFileType = wrapper.application; includeInIndex = 0; path = ZYExampleSwift.app; sourceTree = BUILT_PRODUCTS_DIR; };
		22CFC4702761F71A008AF986 /* AppDelegate.swift */ = {isa = PBXFileReference; lastKnownFileType = sourcecode.swift; path = AppDelegate.swift; sourceTree = "<group>"; };
		22CFC4722761F71A008AF986 /* SceneDelegate.swift */ = {isa = PBXFileReference; lastKnownFileType = sourcecode.swift; path = SceneDelegate.swift; sourceTree = "<group>"; };
		22CFC4792761F71B008AF986 /* Assets.xcassets */ = {isa = PBXFileReference; lastKnownFileType = folder.assetcatalog; path = Assets.xcassets; sourceTree = "<group>"; };
		22CFC47C2761F71B008AF986 /* Base */ = {isa = PBXFileReference; lastKnownFileType = file.storyboard; name = Base; path = Base.lproj/LaunchScreen.storyboard; sourceTree = "<group>"; };
		22CFC47E2761F71B008AF986 /* Info.plist */ = {isa = PBXFileReference; lastKnownFileType = text.plist.xml; path = Info.plist; sourceTree = "<group>"; };
		22CFC4BF27689A5F008AF986 /* ZYTabBarController.swift */ = {isa = PBXFileReference; lastKnownFileType = sourcecode.swift; path = ZYTabBarController.swift; sourceTree = "<group>"; };
		22CFC50D276A0347008AF986 /* ZYNavigationController.swift */ = {isa = PBXFileReference; lastKnownFileType = sourcecode.swift; path = ZYNavigationController.swift; sourceTree = "<group>"; };
		22CFC50F276A038A008AF986 /* ZYBaseViewController.swift */ = {isa = PBXFileReference; lastKnownFileType = sourcecode.swift; path = ZYBaseViewController.swift; sourceTree = "<group>"; };
		22CFC511276A03A6008AF986 /* ZYDemoViewController.swift */ = {isa = PBXFileReference; lastKnownFileType = sourcecode.swift; path = ZYDemoViewController.swift; sourceTree = "<group>"; };
		24339234DB4A9F38EB92B5CB /* Pods-ZYExampleSwift.debug.xcconfig */ = {isa = PBXFileReference; includeInIndex = 1; lastKnownFileType = text.xcconfig; name = "Pods-ZYExampleSwift.debug.xcconfig"; path = "Target Support Files/Pods-ZYExampleSwift/Pods-ZYExampleSwift.debug.xcconfig"; sourceTree = "<group>"; };
		429F67CDDA496367AAB12FC4 /* Pods_ZYExampleSwiftTests.framework */ = {isa = PBXFileReference; explicitFileType = wrapper.framework; includeInIndex = 0; path = Pods_ZYExampleSwiftTests.framework; sourceTree = BUILT_PRODUCTS_DIR; };
		5714B6126319DE217029DED0 /* Pods-ZYExampleSwiftTests.debug.xcconfig */ = {isa = PBXFileReference; includeInIndex = 1; lastKnownFileType = text.xcconfig; name = "Pods-ZYExampleSwiftTests.debug.xcconfig"; path = "Target Support Files/Pods-ZYExampleSwiftTests/Pods-ZYExampleSwiftTests.debug.xcconfig"; sourceTree = "<group>"; };
		6E68AC6B10AC59D7B1A4F9CF /* Pods_ZYExampleSwift_ZYExampleSwiftUITests.framework */ = {isa = PBXFileReference; explicitFileType = wrapper.framework; includeInIndex = 0; path = Pods_ZYExampleSwift_ZYExampleSwiftUITests.framework; sourceTree = BUILT_PRODUCTS_DIR; };
		90459D561DA5545EEA800A87 /* Pods-ZYExampleSwift.release.xcconfig */ = {isa = PBXFileReference; includeInIndex = 1; lastKnownFileType = text.xcconfig; name = "Pods-ZYExampleSwift.release.xcconfig"; path = "Target Support Files/Pods-ZYExampleSwift/Pods-ZYExampleSwift.release.xcconfig"; sourceTree = "<group>"; };
		96B21475289953B03184EE4F /* Pods-ZYExampleSwift-ZYExampleSwiftUITests.release.xcconfig */ = {isa = PBXFileReference; includeInIndex = 1; lastKnownFileType = text.xcconfig; name = "Pods-ZYExampleSwift-ZYExampleSwiftUITests.release.xcconfig"; path = "Target Support Files/Pods-ZYExampleSwift-ZYExampleSwiftUITests/Pods-ZYExampleSwift-ZYExampleSwiftUITests.release.xcconfig"; sourceTree = "<group>"; };
		9B7429CC063FC2C6A7382242 /* Pods_ZYExampleSwift.framework */ = {isa = PBXFileReference; explicitFileType = wrapper.framework; includeInIndex = 0; path = Pods_ZYExampleSwift.framework; sourceTree = BUILT_PRODUCTS_DIR; };
		AF300CA5137710B1DA41438A /* Pods-ZYExampleSwiftTests.release.xcconfig */ = {isa = PBXFileReference; includeInIndex = 1; lastKnownFileType = text.xcconfig; name = "Pods-ZYExampleSwiftTests.release.xcconfig"; path = "Target Support Files/Pods-ZYExampleSwiftTests/Pods-ZYExampleSwiftTests.release.xcconfig"; sourceTree = "<group>"; };
		F66FA4B12C6FC34D7D736DFD /* Pods-ZYExampleSwift-ZYExampleSwiftUITests.debug.xcconfig */ = {isa = PBXFileReference; includeInIndex = 1; lastKnownFileType = text.xcconfig; name = "Pods-ZYExampleSwift-ZYExampleSwiftUITests.debug.xcconfig"; path = "Target Support Files/Pods-ZYExampleSwift-ZYExampleSwiftUITests/Pods-ZYExampleSwift-ZYExampleSwiftUITests.debug.xcconfig"; sourceTree = "<group>"; };
/* End PBXFileReference section */

/* Begin PBXFrameworksBuildPhase section */
		22CFC46A2761F71A008AF986 /* Frameworks */ = {
			isa = PBXFrameworksBuildPhase;
			buildActionMask = 2147483647;
			files = (
				82BE528D6A59F1E57591B77A /* Pods_ZYExampleSwift.framework in Frameworks */,
			);
			runOnlyForDeploymentPostprocessing = 0;
		};
/* End PBXFrameworksBuildPhase section */

/* Begin PBXGroup section */
		22274D1F277EEE2E0027D4DA /* ZYButton */ = {
			isa = PBXGroup;
			children = (
				229DA836277F3E1800559B8E /* ZYButton.swift */,
			);
			path = ZYButton;
			sourceTree = "<group>";
		};
		22274D20277EEE3D0027D4DA /* ZYEnvironmentService */ = {
			isa = PBXGroup;
			children = (
				22274D21277EEF160027D4DA /* ZYEnvironmentService.swift */,
			);
			path = ZYEnvironmentService;
			sourceTree = "<group>";
		};
		223315092780296D00097CF2 /* ZYSwiftLoadFunction */ = {
			isa = PBXGroup;
			children = (
				2233150A2780296D00097CF2 /* UIApplication+ZYSwiftLoadFunction.swift */,
			);
			path = ZYSwiftLoadFunction;
			sourceTree = "<group>";
		};
		2233150C2780299000097CF2 /* UIKit */ = {
			isa = PBXGroup;
			children = (
				229DA82E277F1E7400559B8E /* UIViewController+ZYExtension.swift */,
				229DA830277F1E8D00559B8E /* UIApplication+ZYExtension.swift */,
				22331514278030E300097CF2 /* UIColor+ZYExtension.swift */,
				225941122789573C00245BAC /* UIFont+ZYExtension.swift */,
				225941142789581100245BAC /* UIImage+ZYExtension.swift */,
				2259411627895BBA00245BAC /* UIView+ZYExtension.swift */,
			);
			path = UIKit;
			sourceTree = "<group>";
		};
		2233150D2780299C00097CF2 /* Foundation */ = {
			isa = PBXGroup;
			children = (
				22271D35278963F600049342 /* NSString+ZYExtension.swift */,
			);
			path = Foundation;
			sourceTree = "<group>";
		};
		22331516278037DE00097CF2 /* WRNavigationBar */ = {
			isa = PBXGroup;
			children = (
				22331517278037DE00097CF2 /* WRNavigationBar.swift */,
				22331518278037DE00097CF2 /* WRCustomNavigationBar.swift */,
			);
			path = WRNavigationBar;
			sourceTree = "<group>";
		};
		224F44F4277EC59600F36F3D /* AppDelegate */ = {
			isa = PBXGroup;
			children = (
				22CFC4702761F71A008AF986 /* AppDelegate.swift */,
				22CFC4722761F71A008AF986 /* SceneDelegate.swift */,
				224F44F9277EC64E00F36F3D /* Navi&Tab */,
			);
			path = AppDelegate;
			sourceTree = "<group>";
		};
		224F44F5277EC5D600F36F3D /* Main */ = {
			isa = PBXGroup;
			children = (
				22CFC511276A03A6008AF986 /* ZYDemoViewController.swift */,
			);
			path = Main;
			sourceTree = "<group>";
		};
		224F44F6277EC5DC00F36F3D /* Mine */ = {
			isa = PBXGroup;
			children = (
				224F44F7277EC61300F36F3D /* ZYMineViewController.swift */,
			);
			path = Mine;
			sourceTree = "<group>";
		};
		224F44F9277EC64E00F36F3D /* Navi&Tab */ = {
			isa = PBXGroup;
			children = (
				22CFC4BF27689A5F008AF986 /* ZYTabBarController.swift */,
				22CFC50D276A0347008AF986 /* ZYNavigationController.swift */,
			);
			path = "Navi&Tab";
			sourceTree = "<group>";
		};
		224F4506277ED24F00F36F3D /* ZYDisplayCurrentVC */ = {
			isa = PBXGroup;
			children = (
				224F44FA277EC69400F36F3D /* ZYDisplayCurrentVC.swift */,
				224F4500277EC96E00F36F3D /* UIViewController+ZYDisplayCurrentVC.swift */,
			);
			path = ZYDisplayCurrentVC;
			sourceTree = "<group>";
		};
		2259405727808A4400245BAC /* ZYSwiftDispatchKit */ = {
			isa = PBXGroup;
			children = (
				229DA82C277F15F000559B8E /* ZYSwiftDispatchKit.swift */,
			);
			path = ZYSwiftDispatchKit;
			sourceTree = "<group>";
		};
		2259407E27808B8F00245BAC /* ZYSwiftSwizzling */ = {
			isa = PBXGroup;
			children = (
				2259407F27808B8F00245BAC /* ZYSwiftSwizzling.swift */,
			);
			path = ZYSwiftSwizzling;
			sourceTree = "<group>";
		};
		22CFC4642761F719008AF986 = {
			isa = PBXGroup;
			children = (
				22CFC46F2761F71A008AF986 /* ZYExampleSwift */,
				22CFC46E2761F71A008AF986 /* Products */,
				4FB7060D6801BCAC22FAF62E /* Pods */,
				DE8E98A06D6E90ADC5511B5C /* Frameworks */,
			);
			sourceTree = "<group>";
		};
		22CFC46E2761F71A008AF986 /* Products */ = {
			isa = PBXGroup;
			children = (
				22CFC46D2761F71A008AF986 /* ZYExampleSwift.app */,
			);
			name = Products;
			sourceTree = "<group>";
		};
		22CFC46F2761F71A008AF986 /* ZYExampleSwift */ = {
			isa = PBXGroup;
			children = (
				224F44F4277EC59600F36F3D /* AppDelegate */,
				22CFC5062768D98F008AF986 /* BaseKit */,
				22CFC50B2768D9C7008AF986 /* Categorys */,
				22CFC50C2768D9E2008AF986 /* Resource */,
				22CFC5072768D9A6008AF986 /* Lib */,
				22CFC5082768D9AE008AF986 /* Macro */,
				22CFC5092768D9B7008AF986 /* Module */,
				22CFC50A2768D9BD008AF986 /* Service */,
			);
			path = ZYExampleSwift;
			sourceTree = "<group>";
		};
		22CFC5062768D98F008AF986 /* BaseKit */ = {
			isa = PBXGroup;
			children = (
				22CFC50F276A038A008AF986 /* ZYBaseViewController.swift */,
			);
			path = BaseKit;
			sourceTree = "<group>";
		};
		22CFC5072768D9A6008AF986 /* Lib */ = {
			isa = PBXGroup;
			children = (
				22331516278037DE00097CF2 /* WRNavigationBar */,
				22274D1F277EEE2E0027D4DA /* ZYButton */,
				224F4506277ED24F00F36F3D /* ZYDisplayCurrentVC */,
				22274D20277EEE3D0027D4DA /* ZYEnvironmentService */,
				2259405727808A4400245BAC /* ZYSwiftDispatchKit */,
				223315092780296D00097CF2 /* ZYSwiftLoadFunction */,
				2259407E27808B8F00245BAC /* ZYSwiftSwizzling */,
			);
			path = Lib;
			sourceTree = "<group>";
		};
		22CFC5082768D9AE008AF986 /* Macro */ = {
			isa = PBXGroup;
			children = (
				22274D1D277EE68E0027D4DA /* ZYVender.swift */,
				2233151227802C3A00097CF2 /* ZYMacro.swift */,
				2210977E27895EE600CED77B /* ZYMacroKey.swift */,
				225940BD2781850F00245BAC /* ZYSwiftUserDefaults.swift */,
				225940EA2782C8D400245BAC /* ZYSyntaxExample.swift */,
			);
			path = Macro;
			sourceTree = "<group>";
		};
		22CFC5092768D9B7008AF986 /* Module */ = {
			isa = PBXGroup;
			children = (
				224F44F5277EC5D600F36F3D /* Main */,
				224F44F6277EC5DC00F36F3D /* Mine */,
			);
			path = Module;
			sourceTree = "<group>";
		};
		22CFC50A2768D9BD008AF986 /* Service */ = {
			isa = PBXGroup;
			children = (
			);
			path = Service;
			sourceTree = "<group>";
		};
		22CFC50B2768D9C7008AF986 /* Categorys */ = {
			isa = PBXGroup;
			children = (
				2233150D2780299C00097CF2 /* Foundation */,
				2233150C2780299000097CF2 /* UIKit */,
				2210978027895F8D00CED77B /* ZYCategorysHeader.swift */,
			);
			path = Categorys;
			sourceTree = "<group>";
		};
		22CFC50C2768D9E2008AF986 /* Resource */ = {
			isa = PBXGroup;
			children = (
				22CFC4792761F71B008AF986 /* Assets.xcassets */,
				22CFC47E2761F71B008AF986 /* Info.plist */,
				22CFC47B2761F71B008AF986 /* LaunchScreen.storyboard */,
			);
			path = Resource;
			sourceTree = "<group>";
		};
		4FB7060D6801BCAC22FAF62E /* Pods */ = {
			isa = PBXGroup;
			children = (
				24339234DB4A9F38EB92B5CB /* Pods-ZYExampleSwift.debug.xcconfig */,
				90459D561DA5545EEA800A87 /* Pods-ZYExampleSwift.release.xcconfig */,
				F66FA4B12C6FC34D7D736DFD /* Pods-ZYExampleSwift-ZYExampleSwiftUITests.debug.xcconfig */,
				96B21475289953B03184EE4F /* Pods-ZYExampleSwift-ZYExampleSwiftUITests.release.xcconfig */,
				5714B6126319DE217029DED0 /* Pods-ZYExampleSwiftTests.debug.xcconfig */,
				AF300CA5137710B1DA41438A /* Pods-ZYExampleSwiftTests.release.xcconfig */,
			);
			path = Pods;
			sourceTree = "<group>";
		};
		DE8E98A06D6E90ADC5511B5C /* Frameworks */ = {
			isa = PBXGroup;
			children = (
				9B7429CC063FC2C6A7382242 /* Pods_ZYExampleSwift.framework */,
				6E68AC6B10AC59D7B1A4F9CF /* Pods_ZYExampleSwift_ZYExampleSwiftUITests.framework */,
				429F67CDDA496367AAB12FC4 /* Pods_ZYExampleSwiftTests.framework */,
			);
			name = Frameworks;
			sourceTree = "<group>";
		};
/* End PBXGroup section */

/* Begin PBXNativeTarget section */
		22CFC46C2761F71A008AF986 /* ZYExampleSwift */ = {
			isa = PBXNativeTarget;
			buildConfigurationList = 22CFC4972761F71B008AF986 /* Build configuration list for PBXNativeTarget "ZYExampleSwift" */;
			buildPhases = (
				2973A3F5B05D57CF278C5B7E /* [CP] Check Pods Manifest.lock */,
				22CFC4692761F71A008AF986 /* Sources */,
				22CFC46A2761F71A008AF986 /* Frameworks */,
				22CFC46B2761F71A008AF986 /* Resources */,
				4D58A971B124C3592E795A2E /* [CP] Embed Pods Frameworks */,
			);
			buildRules = (
			);
			dependencies = (
			);
			name = ZYExampleSwift;
			productName = ZYExampleSwift;
			productReference = 22CFC46D2761F71A008AF986 /* ZYExampleSwift.app */;
			productType = "com.apple.product-type.application";
		};
/* End PBXNativeTarget section */

/* Begin PBXProject section */
		22CFC4652761F719008AF986 /* Project object */ = {
			isa = PBXProject;
			attributes = {
				BuildIndependentTargetsInParallel = 1;
				CLASSPREFIX = ZY;
				LastSwiftUpdateCheck = 1310;
				LastUpgradeCheck = 1310;
				TargetAttributes = {
					22CFC46C2761F71A008AF986 = {
						CreatedOnToolsVersion = 13.1;
						LastSwiftMigration = 1310;
					};
				};
			};
			buildConfigurationList = 22CFC4682761F719008AF986 /* Build configuration list for PBXProject "ZYExampleSwift" */;
			compatibilityVersion = "Xcode 13.0";
			developmentRegion = en;
			hasScannedForEncodings = 0;
			knownRegions = (
				en,
				Base,
			);
			mainGroup = 22CFC4642761F719008AF986;
			productRefGroup = 22CFC46E2761F71A008AF986 /* Products */;
			projectDirPath = "";
			projectRoot = "";
			targets = (
				22CFC46C2761F71A008AF986 /* ZYExampleSwift */,
			);
		};
/* End PBXProject section */

/* Begin PBXResourcesBuildPhase section */
		22CFC46B2761F71A008AF986 /* Resources */ = {
			isa = PBXResourcesBuildPhase;
			buildActionMask = 2147483647;
			files = (
				22CFC47D2761F71B008AF986 /* LaunchScreen.storyboard in Resources */,
				22CFC47A2761F71B008AF986 /* Assets.xcassets in Resources */,
			);
			runOnlyForDeploymentPostprocessing = 0;
		};
/* End PBXResourcesBuildPhase section */

/* Begin PBXShellScriptBuildPhase section */
		2973A3F5B05D57CF278C5B7E /* [CP] Check Pods Manifest.lock */ = {
			isa = PBXShellScriptBuildPhase;
			buildActionMask = 2147483647;
			files = (
			);
			inputFileListPaths = (
			);
			inputPaths = (
				"${PODS_PODFILE_DIR_PATH}/Podfile.lock",
				"${PODS_ROOT}/Manifest.lock",
			);
			name = "[CP] Check Pods Manifest.lock";
			outputFileListPaths = (
			);
			outputPaths = (
				"$(DERIVED_FILE_DIR)/Pods-ZYExampleSwift-checkManifestLockResult.txt",
			);
			runOnlyForDeploymentPostprocessing = 0;
			shellPath = /bin/sh;
			shellScript = "diff \"${PODS_PODFILE_DIR_PATH}/Podfile.lock\" \"${PODS_ROOT}/Manifest.lock\" > /dev/null\nif [ $? != 0 ] ; then\n    # print error to STDERR\n    echo \"error: The sandbox is not in sync with the Podfile.lock. Run 'pod install' or update your CocoaPods installation.\" >&2\n    exit 1\nfi\n# This output is used by Xcode 'outputs' to avoid re-running this script phase.\necho \"SUCCESS\" > \"${SCRIPT_OUTPUT_FILE_0}\"\n";
			showEnvVarsInLog = 0;
		};
		4D58A971B124C3592E795A2E /* [CP] Embed Pods Frameworks */ = {
			isa = PBXShellScriptBuildPhase;
			buildActionMask = 2147483647;
			files = (
			);
			inputFileListPaths = (
				"${PODS_ROOT}/Target Support Files/Pods-ZYExampleSwift/Pods-ZYExampleSwift-frameworks-${CONFIGURATION}-input-files.xcfilelist",
			);
			name = "[CP] Embed Pods Frameworks";
			outputFileListPaths = (
				"${PODS_ROOT}/Target Support Files/Pods-ZYExampleSwift/Pods-ZYExampleSwift-frameworks-${CONFIGURATION}-output-files.xcfilelist",
			);
			runOnlyForDeploymentPostprocessing = 0;
			shellPath = /bin/sh;
			shellScript = "\"${PODS_ROOT}/Target Support Files/Pods-ZYExampleSwift/Pods-ZYExampleSwift-frameworks.sh\"\n";
			showEnvVarsInLog = 0;
		};
/* End PBXShellScriptBuildPhase section */

/* Begin PBXSourcesBuildPhase section */
		22CFC4692761F71A008AF986 /* Sources */ = {
			isa = PBXSourcesBuildPhase;
			buildActionMask = 2147483647;
			files = (
				225941152789581100245BAC /* UIImage+ZYExtension.swift in Sources */,
				2210977F27895EE600CED77B /* ZYMacroKey.swift in Sources */,
				229DA82F277F1E7400559B8E /* UIViewController+ZYExtension.swift in Sources */,
				224F44FB277EC69400F36F3D /* ZYDisplayCurrentVC.swift in Sources */,
				22274D1E277EE68E0027D4DA /* ZYVender.swift in Sources */,
				22331519278037DE00097CF2 /* WRNavigationBar.swift in Sources */,
				224F44F8277EC61300F36F3D /* ZYMineViewController.swift in Sources */,
				2210978127895F8D00CED77B /* ZYCategorysHeader.swift in Sources */,
				22331515278030E300097CF2 /* UIColor+ZYExtension.swift in Sources */,
				225941132789573C00245BAC /* UIFont+ZYExtension.swift in Sources */,
				22CFC510276A038A008AF986 /* ZYBaseViewController.swift in Sources */,
				2233150B2780296D00097CF2 /* UIApplication+ZYSwiftLoadFunction.swift in Sources */,
				22274D22277EEF160027D4DA /* ZYEnvironmentService.swift in Sources */,
				22CFC512276A03A6008AF986 /* ZYDemoViewController.swift in Sources */,
				2233151A278037DE00097CF2 /* WRCustomNavigationBar.swift in Sources */,
				225940EB2782C8D400245BAC /* ZYSyntaxExample.swift in Sources */,
				229DA82D277F15F000559B8E /* ZYSwiftDispatchKit.swift in Sources */,
				22CFC4712761F71A008AF986 /* AppDelegate.swift in Sources */,
				225940BE2781850F00245BAC /* ZYSwiftUserDefaults.swift in Sources */,
				22CFC4C027689A5F008AF986 /* ZYTabBarController.swift in Sources */,
				2259408027808B8F00245BAC /* ZYSwiftSwizzling.swift in Sources */,
				22CFC4732761F71A008AF986 /* SceneDelegate.swift in Sources */,
				22CFC50E276A0347008AF986 /* ZYNavigationController.swift in Sources */,
				2233151327802C3A00097CF2 /* ZYMacro.swift in Sources */,
				22271D36278963F700049342 /* NSString+ZYExtension.swift in Sources */,
				229DA831277F1E8D00559B8E /* UIApplication+ZYExtension.swift in Sources */,
				224F4501277EC96E00F36F3D /* UIViewController+ZYDisplayCurrentVC.swift in Sources */,
				2259411727895BBA00245BAC /* UIView+ZYExtension.swift in Sources */,
				229DA837277F3E1800559B8E /* ZYButton.swift in Sources */,
			);
			runOnlyForDeploymentPostprocessing = 0;
		};
/* End PBXSourcesBuildPhase section */

/* Begin PBXVariantGroup section */
		22CFC47B2761F71B008AF986 /* LaunchScreen.storyboard */ = {
			isa = PBXVariantGroup;
			children = (
				22CFC47C2761F71B008AF986 /* Base */,
			);
			name = LaunchScreen.storyboard;
			sourceTree = "<group>";
		};
/* End PBXVariantGroup section */

/* Begin XCBuildConfiguration section */
		22CFC4952761F71B008AF986 /* Debug */ = {
			isa = XCBuildConfiguration;
			buildSettings = {
				ALWAYS_SEARCH_USER_PATHS = NO;
				CLANG_ANALYZER_NONNULL = YES;
				CLANG_ANALYZER_NUMBER_OBJECT_CONVERSION = YES_AGGRESSIVE;
				CLANG_CXX_LANGUAGE_STANDARD = "gnu++17";
				CLANG_CXX_LIBRARY = "libc++";
				CLANG_ENABLE_MODULES = YES;
				CLANG_ENABLE_OBJC_ARC = YES;
				CLANG_ENABLE_OBJC_WEAK = YES;
				CLANG_WARN_BLOCK_CAPTURE_AUTORELEASING = YES;
				CLANG_WARN_BOOL_CONVERSION = YES;
				CLANG_WARN_COMMA = YES;
				CLANG_WARN_CONSTANT_CONVERSION = YES;
				CLANG_WARN_DEPRECATED_OBJC_IMPLEMENTATIONS = YES;
				CLANG_WARN_DIRECT_OBJC_ISA_USAGE = YES_ERROR;
				CLANG_WARN_DOCUMENTATION_COMMENTS = YES;
				CLANG_WARN_EMPTY_BODY = YES;
				CLANG_WARN_ENUM_CONVERSION = YES;
				CLANG_WARN_INFINITE_RECURSION = YES;
				CLANG_WARN_INT_CONVERSION = YES;
				CLANG_WARN_NON_LITERAL_NULL_CONVERSION = YES;
				CLANG_WARN_OBJC_IMPLICIT_RETAIN_SELF = YES;
				CLANG_WARN_OBJC_LITERAL_CONVERSION = YES;
				CLANG_WARN_OBJC_ROOT_CLASS = YES_ERROR;
				CLANG_WARN_QUOTED_INCLUDE_IN_FRAMEWORK_HEADER = YES;
				CLANG_WARN_RANGE_LOOP_ANALYSIS = YES;
				CLANG_WARN_STRICT_PROTOTYPES = YES;
				CLANG_WARN_SUSPICIOUS_MOVE = YES;
				CLANG_WARN_UNGUARDED_AVAILABILITY = YES_AGGRESSIVE;
				CLANG_WARN_UNREACHABLE_CODE = YES;
				CLANG_WARN__DUPLICATE_METHOD_MATCH = YES;
				COPY_PHASE_STRIP = NO;
				DEBUG_INFORMATION_FORMAT = dwarf;
				ENABLE_STRICT_OBJC_MSGSEND = YES;
				ENABLE_TESTABILITY = YES;
				GCC_C_LANGUAGE_STANDARD = gnu11;
				GCC_DYNAMIC_NO_PIC = NO;
				GCC_NO_COMMON_BLOCKS = YES;
				GCC_OPTIMIZATION_LEVEL = 0;
				GCC_PREPROCESSOR_DEFINITIONS = (
					"DEBUG=1",
					"$(inherited)",
				);
				GCC_WARN_64_TO_32_BIT_CONVERSION = YES;
				GCC_WARN_ABOUT_RETURN_TYPE = YES_ERROR;
				GCC_WARN_UNDECLARED_SELECTOR = YES;
				GCC_WARN_UNINITIALIZED_AUTOS = YES_AGGRESSIVE;
				GCC_WARN_UNUSED_FUNCTION = YES;
				GCC_WARN_UNUSED_VARIABLE = YES;
				IPHONEOS_DEPLOYMENT_TARGET = 15.0;
				MTL_ENABLE_DEBUG_INFO = INCLUDE_SOURCE;
				MTL_FAST_MATH = YES;
				ONLY_ACTIVE_ARCH = YES;
				SDKROOT = iphoneos;
				SWIFT_ACTIVE_COMPILATION_CONDITIONS = DEBUG;
				SWIFT_OPTIMIZATION_LEVEL = "-Onone";
			};
			name = Debug;
		};
		22CFC4962761F71B008AF986 /* Release */ = {
			isa = XCBuildConfiguration;
			buildSettings = {
				ALWAYS_SEARCH_USER_PATHS = NO;
				CLANG_ANALYZER_NONNULL = YES;
				CLANG_ANALYZER_NUMBER_OBJECT_CONVERSION = YES_AGGRESSIVE;
				CLANG_CXX_LANGUAGE_STANDARD = "gnu++17";
				CLANG_CXX_LIBRARY = "libc++";
				CLANG_ENABLE_MODULES = YES;
				CLANG_ENABLE_OBJC_ARC = YES;
				CLANG_ENABLE_OBJC_WEAK = YES;
				CLANG_WARN_BLOCK_CAPTURE_AUTORELEASING = YES;
				CLANG_WARN_BOOL_CONVERSION = YES;
				CLANG_WARN_COMMA = YES;
				CLANG_WARN_CONSTANT_CONVERSION = YES;
				CLANG_WARN_DEPRECATED_OBJC_IMPLEMENTATIONS = YES;
				CLANG_WARN_DIRECT_OBJC_ISA_USAGE = YES_ERROR;
				CLANG_WARN_DOCUMENTATION_COMMENTS = YES;
				CLANG_WARN_EMPTY_BODY = YES;
				CLANG_WARN_ENUM_CONVERSION = YES;
				CLANG_WARN_INFINITE_RECURSION = YES;
				CLANG_WARN_INT_CONVERSION = YES;
				CLANG_WARN_NON_LITERAL_NULL_CONVERSION = YES;
				CLANG_WARN_OBJC_IMPLICIT_RETAIN_SELF = YES;
				CLANG_WARN_OBJC_LITERAL_CONVERSION = YES;
				CLANG_WARN_OBJC_ROOT_CLASS = YES_ERROR;
				CLANG_WARN_QUOTED_INCLUDE_IN_FRAMEWORK_HEADER = YES;
				CLANG_WARN_RANGE_LOOP_ANALYSIS = YES;
				CLANG_WARN_STRICT_PROTOTYPES = YES;
				CLANG_WARN_SUSPICIOUS_MOVE = YES;
				CLANG_WARN_UNGUARDED_AVAILABILITY = YES_AGGRESSIVE;
				CLANG_WARN_UNREACHABLE_CODE = YES;
				CLANG_WARN__DUPLICATE_METHOD_MATCH = YES;
				COPY_PHASE_STRIP = NO;
				DEBUG_INFORMATION_FORMAT = "dwarf-with-dsym";
				ENABLE_NS_ASSERTIONS = NO;
				ENABLE_STRICT_OBJC_MSGSEND = YES;
				GCC_C_LANGUAGE_STANDARD = gnu11;
				GCC_NO_COMMON_BLOCKS = YES;
				GCC_WARN_64_TO_32_BIT_CONVERSION = YES;
				GCC_WARN_ABOUT_RETURN_TYPE = YES_ERROR;
				GCC_WARN_UNDECLARED_SELECTOR = YES;
				GCC_WARN_UNINITIALIZED_AUTOS = YES_AGGRESSIVE;
				GCC_WARN_UNUSED_FUNCTION = YES;
				GCC_WARN_UNUSED_VARIABLE = YES;
				IPHONEOS_DEPLOYMENT_TARGET = 15.0;
				MTL_ENABLE_DEBUG_INFO = NO;
				MTL_FAST_MATH = YES;
				SDKROOT = iphoneos;
				SWIFT_COMPILATION_MODE = wholemodule;
				SWIFT_OPTIMIZATION_LEVEL = "-O";
				VALIDATE_PRODUCT = YES;
			};
			name = Release;
		};
		22CFC4982761F71B008AF986 /* Debug */ = {
			isa = XCBuildConfiguration;
			baseConfigurationReference = 24339234DB4A9F38EB92B5CB /* Pods-ZYExampleSwift.debug.xcconfig */;
			buildSettings = {
				ASSETCATALOG_COMPILER_APPICON_NAME = AppIcon;
				ASSETCATALOG_COMPILER_GLOBAL_ACCENT_COLOR_NAME = AccentColor;
				CLANG_ENABLE_MODULES = YES;
				CODE_SIGN_STYLE = Automatic;
				CURRENT_PROJECT_VERSION = 1;
				DEVELOPMENT_TEAM = 8248TCVBJH;
				GENERATE_INFOPLIST_FILE = YES;
				INFOPLIST_FILE = ZYExampleSwift/Resource/Info.plist;
				INFOPLIST_KEY_UIApplicationSupportsIndirectInputEvents = YES;
				INFOPLIST_KEY_UILaunchStoryboardName = LaunchScreen;
				INFOPLIST_KEY_UISupportedInterfaceOrientations = UIInterfaceOrientationPortrait;
				INFOPLIST_KEY_UISupportedInterfaceOrientations_iPad = "UIInterfaceOrientationPortrait UIInterfaceOrientationPortraitUpsideDown UIInterfaceOrientationLandscapeLeft UIInterfaceOrientationLandscapeRight";
				INFOPLIST_KEY_UISupportedInterfaceOrientations_iPhone = "UIInterfaceOrientationPortrait UIInterfaceOrientationLandscapeLeft UIInterfaceOrientationLandscapeRight";
				IPHONEOS_DEPLOYMENT_TARGET = 13.0;
				LD_RUNPATH_SEARCH_PATHS = (
					"$(inherited)",
					"@executable_path/Frameworks",
				);
				MARKETING_VERSION = 1.0;
				OTHER_SWIFT_FLAGS = "$(inherited) -D COCOAPODS";
				PRODUCT_BUNDLE_IDENTIFIER = demo1.ZYExampleSwift;
				PRODUCT_NAME = "$(TARGET_NAME)";
				SWIFT_EMIT_LOC_STRINGS = YES;
				SWIFT_OBJC_BRIDGING_HEADER = "";
				SWIFT_OPTIMIZATION_LEVEL = "-Onone";
				SWIFT_VERSION = 5.0;
				TARGETED_DEVICE_FAMILY = "1,2";
			};
			name = Debug;
		};
		22CFC4992761F71B008AF986 /* Release */ = {
			isa = XCBuildConfiguration;
			baseConfigurationReference = 90459D561DA5545EEA800A87 /* Pods-ZYExampleSwift.release.xcconfig */;
			buildSettings = {
				ASSETCATALOG_COMPILER_APPICON_NAME = AppIcon;
				ASSETCATALOG_COMPILER_GLOBAL_ACCENT_COLOR_NAME = AccentColor;
				CLANG_ENABLE_MODULES = YES;
				CODE_SIGN_STYLE = Automatic;
				CURRENT_PROJECT_VERSION = 1;
				DEVELOPMENT_TEAM = 8248TCVBJH;
				GENERATE_INFOPLIST_FILE = YES;
				INFOPLIST_FILE = ZYExampleSwift/Resource/Info.plist;
				INFOPLIST_KEY_UIApplicationSupportsIndirectInputEvents = YES;
				INFOPLIST_KEY_UILaunchStoryboardName = LaunchScreen;
				INFOPLIST_KEY_UISupportedInterfaceOrientations = UIInterfaceOrientationPortrait;
				INFOPLIST_KEY_UISupportedInterfaceOrientations_iPad = "UIInterfaceOrientationPortrait UIInterfaceOrientationPortraitUpsideDown UIInterfaceOrientationLandscapeLeft UIInterfaceOrientationLandscapeRight";
				INFOPLIST_KEY_UISupportedInterfaceOrientations_iPhone = "UIInterfaceOrientationPortrait UIInterfaceOrientationLandscapeLeft UIInterfaceOrientationLandscapeRight";
				IPHONEOS_DEPLOYMENT_TARGET = 13.0;
				LD_RUNPATH_SEARCH_PATHS = (
					"$(inherited)",
					"@executable_path/Frameworks",
				);
				MARKETING_VERSION = 1.0;
				OTHER_SWIFT_FLAGS = "$(inherited) -D COCOAPODS";
				PRODUCT_BUNDLE_IDENTIFIER = demo1.ZYExampleSwift;
				PRODUCT_NAME = "$(TARGET_NAME)";
				SWIFT_EMIT_LOC_STRINGS = YES;
				SWIFT_OBJC_BRIDGING_HEADER = "";
				SWIFT_VERSION = 5.0;
				TARGETED_DEVICE_FAMILY = "1,2";
			};
			name = Release;
		};
/* End XCBuildConfiguration section */

/* Begin XCConfigurationList section */
		22CFC4682761F719008AF986 /* Build configuration list for PBXProject "ZYExampleSwift" */ = {
			isa = XCConfigurationList;
			buildConfigurations = (
				22CFC4952761F71B008AF986 /* Debug */,
				22CFC4962761F71B008AF986 /* Release */,
			);
			defaultConfigurationIsVisible = 0;
			defaultConfigurationName = Release;
		};
		22CFC4972761F71B008AF986 /* Build configuration list for PBXNativeTarget "ZYExampleSwift" */ = {
			isa = XCConfigurationList;
			buildConfigurations = (
				22CFC4982761F71B008AF986 /* Debug */,
				22CFC4992761F71B008AF986 /* Release */,
			);
			defaultConfigurationIsVisible = 0;
			defaultConfigurationName = Release;
		};
/* End XCConfigurationList section */
	};
	rootObject = 22CFC4652761F719008AF986 /* Project object */;
}
